// !$*UTF8*$!
{
	archiveVersion = 1;
	classes = {
	};
	objectVersion = 56;
	objects = {

/* Begin PBXBuildFile section */
		E885298A2A33C33800D347B0 /* ServiceAPIProtocol.swift in Sources */ = {isa = PBXBuildFile; fileRef = E88529892A33C33800D347B0 /* ServiceAPIProtocol.swift */; };
		E885298C2A33C41B00D347B0 /* APIError.swift in Sources */ = {isa = PBXBuildFile; fileRef = E885298B2A33C41B00D347B0 /* APIError.swift */; };
		E88529902A3BB97700D347B0 /* APIMockService.swift in Sources */ = {isa = PBXBuildFile; fileRef = E885298F2A3BB97700D347B0 /* APIMockService.swift */; };
		E8E5A2DC2A2C9FAA0019A821 /* AppDelegate.swift in Sources */ = {isa = PBXBuildFile; fileRef = E8E5A2DB2A2C9FAA0019A821 /* AppDelegate.swift */; };
		E8E5A2DE2A2C9FAA0019A821 /* SceneDelegate.swift in Sources */ = {isa = PBXBuildFile; fileRef = E8E5A2DD2A2C9FAA0019A821 /* SceneDelegate.swift */; };
		E8E5A2E02A2C9FAA0019A821 /* SearchViewController.swift in Sources */ = {isa = PBXBuildFile; fileRef = E8E5A2DF2A2C9FAA0019A821 /* SearchViewController.swift */; };
		E8E5A2E82A2C9FAC0019A821 /* LaunchScreen.storyboard in Resources */ = {isa = PBXBuildFile; fileRef = E8E5A2E62A2C9FAC0019A821 /* LaunchScreen.storyboard */; };
		E8E5A2F32A2C9FAD0019A821 /* MovieAppTests.swift in Sources */ = {isa = PBXBuildFile; fileRef = E8E5A2F22A2C9FAD0019A821 /* MovieAppTests.swift */; };
		E8E5A2FD2A2C9FAD0019A821 /* MovieAppUITests.swift in Sources */ = {isa = PBXBuildFile; fileRef = E8E5A2FC2A2C9FAD0019A821 /* MovieAppUITests.swift */; };
		E8E5A30F2A2CB9040019A821 /* SearchViewModel.swift in Sources */ = {isa = PBXBuildFile; fileRef = E8E5A30E2A2CB9040019A821 /* SearchViewModel.swift */; };
		E8E5A3112A2CB9150019A821 /* SearchModel.swift in Sources */ = {isa = PBXBuildFile; fileRef = E8E5A3102A2CB9150019A821 /* SearchModel.swift */; };
		E8E5A3142A2CB9580019A821 /* DetailViewController.swift in Sources */ = {isa = PBXBuildFile; fileRef = E8E5A3132A2CB9580019A821 /* DetailViewController.swift */; };
		E8E5A3182A2CBBCA0019A821 /* ServiceAPI.swift in Sources */ = {isa = PBXBuildFile; fileRef = E8E5A3172A2CBBCA0019A821 /* ServiceAPI.swift */; };
		E8E5A31B2A2CBCAA0019A821 /* CellWithContent.swift in Sources */ = {isa = PBXBuildFile; fileRef = E8E5A31A2A2CBCAA0019A821 /* CellWithContent.swift */; };
		E8E5A32F2A2CEA920019A821 /* Constants.swift in Sources */ = {isa = PBXBuildFile; fileRef = E8E5A32E2A2CEA920019A821 /* Constants.swift */; };
		E8E5A3322A2CEFA70019A821 /* Graphik-Semibold.otf in Resources */ = {isa = PBXBuildFile; fileRef = E8E5A3312A2CEFA70019A821 /* Graphik-Semibold.otf */; };
		E8E5A3342A2CEFBE0019A821 /* Graphik-Medium.otf in Resources */ = {isa = PBXBuildFile; fileRef = E8E5A3332A2CEFBE0019A821 /* Graphik-Medium.otf */; };
		E8E5A3362A2CEFD00019A821 /* Graphik-Regular.otf in Resources */ = {isa = PBXBuildFile; fileRef = E8E5A3352A2CEFD00019A821 /* Graphik-Regular.otf */; };
		E8E5A3382A2CF08D0019A821 /* Colors.xcassets in Resources */ = {isa = PBXBuildFile; fileRef = E8E5A3372A2CF08D0019A821 /* Colors.xcassets */; };
		E8E5A33A2A2CF0A80019A821 /* Images.xcassets in Resources */ = {isa = PBXBuildFile; fileRef = E8E5A3392A2CF0A80019A821 /* Images.xcassets */; };
		E8E5A33F2A2CFCCB0019A821 /* Assets.xcassets in Resources */ = {isa = PBXBuildFile; fileRef = E8E5A33E2A2CFCCB0019A821 /* Assets.xcassets */; };
		E8E5A3422A2D21310019A821 /* CellViewModel.swift in Sources */ = {isa = PBXBuildFile; fileRef = E8E5A3412A2D21310019A821 /* CellViewModel.swift */; };
		E8E5A3452A2D26A50019A821 /* UIImageView+Extension.swift in Sources */ = {isa = PBXBuildFile; fileRef = E8E5A3442A2D26A50019A821 /* UIImageView+Extension.swift */; };
		E8E5A38B2A2F8ED00019A821 /* UINavigationController+Extension.swift in Sources */ = {isa = PBXBuildFile; fileRef = E8E5A38A2A2F8ED00019A821 /* UINavigationController+Extension.swift */; };
/* End PBXBuildFile section */

/* Begin PBXContainerItemProxy section */
		E8E5A2EF2A2C9FAD0019A821 /* PBXContainerItemProxy */ = {
			isa = PBXContainerItemProxy;
			containerPortal = E8E5A2D02A2C9FAA0019A821 /* Project object */;
			proxyType = 1;
			remoteGlobalIDString = E8E5A2D72A2C9FAA0019A821;
			remoteInfo = MovieApp;
		};
		E8E5A2F92A2C9FAD0019A821 /* PBXContainerItemProxy */ = {
			isa = PBXContainerItemProxy;
			containerPortal = E8E5A2D02A2C9FAA0019A821 /* Project object */;
			proxyType = 1;
			remoteGlobalIDString = E8E5A2D72A2C9FAA0019A821;
			remoteInfo = MovieApp;
		};
/* End PBXContainerItemProxy section */

/* Begin PBXFileReference section */
		E88529892A33C33800D347B0 /* ServiceAPIProtocol.swift */ = {isa = PBXFileReference; lastKnownFileType = sourcecode.swift; path = ServiceAPIProtocol.swift; sourceTree = "<group>"; };
		E885298B2A33C41B00D347B0 /* APIError.swift */ = {isa = PBXFileReference; lastKnownFileType = sourcecode.swift; path = APIError.swift; sourceTree = "<group>"; };
		E885298F2A3BB97700D347B0 /* APIMockService.swift */ = {isa = PBXFileReference; lastKnownFileType = sourcecode.swift; path = APIMockService.swift; sourceTree = "<group>"; };
		E8E5A2D82A2C9FAA0019A821 /* MovieApp.app */ = {isa = PBXFileReference; explicitFileType = wrapper.application; includeInIndex = 0; path = MovieApp.app; sourceTree = BUILT_PRODUCTS_DIR; };
		E8E5A2DB2A2C9FAA0019A821 /* AppDelegate.swift */ = {isa = PBXFileReference; lastKnownFileType = sourcecode.swift; path = AppDelegate.swift; sourceTree = "<group>"; };
		E8E5A2DD2A2C9FAA0019A821 /* SceneDelegate.swift */ = {isa = PBXFileReference; lastKnownFileType = sourcecode.swift; path = SceneDelegate.swift; sourceTree = "<group>"; };
		E8E5A2DF2A2C9FAA0019A821 /* SearchViewController.swift */ = {isa = PBXFileReference; lastKnownFileType = sourcecode.swift; path = SearchViewController.swift; sourceTree = "<group>"; };
		E8E5A2E72A2C9FAC0019A821 /* Base */ = {isa = PBXFileReference; lastKnownFileType = file.storyboard; name = Base; path = Base.lproj/LaunchScreen.storyboard; sourceTree = "<group>"; };
		E8E5A2E92A2C9FAC0019A821 /* Info.plist */ = {isa = PBXFileReference; lastKnownFileType = text.plist.xml; path = Info.plist; sourceTree = "<group>"; };
		E8E5A2EE2A2C9FAD0019A821 /* MovieAppTests.xctest */ = {isa = PBXFileReference; explicitFileType = wrapper.cfbundle; includeInIndex = 0; path = MovieAppTests.xctest; sourceTree = BUILT_PRODUCTS_DIR; };
		E8E5A2F22A2C9FAD0019A821 /* MovieAppTests.swift */ = {isa = PBXFileReference; lastKnownFileType = sourcecode.swift; path = MovieAppTests.swift; sourceTree = "<group>"; };
		E8E5A2F82A2C9FAD0019A821 /* MovieAppUITests.xctest */ = {isa = PBXFileReference; explicitFileType = wrapper.cfbundle; includeInIndex = 0; path = MovieAppUITests.xctest; sourceTree = BUILT_PRODUCTS_DIR; };
		E8E5A2FC2A2C9FAD0019A821 /* MovieAppUITests.swift */ = {isa = PBXFileReference; lastKnownFileType = sourcecode.swift; path = MovieAppUITests.swift; sourceTree = "<group>"; };
		E8E5A30E2A2CB9040019A821 /* SearchViewModel.swift */ = {isa = PBXFileReference; lastKnownFileType = sourcecode.swift; path = SearchViewModel.swift; sourceTree = "<group>"; };
		E8E5A3102A2CB9150019A821 /* SearchModel.swift */ = {isa = PBXFileReference; lastKnownFileType = sourcecode.swift; path = SearchModel.swift; sourceTree = "<group>"; };
		E8E5A3132A2CB9580019A821 /* DetailViewController.swift */ = {isa = PBXFileReference; lastKnownFileType = sourcecode.swift; path = DetailViewController.swift; sourceTree = "<group>"; };
		E8E5A3172A2CBBCA0019A821 /* ServiceAPI.swift */ = {isa = PBXFileReference; lastKnownFileType = sourcecode.swift; path = ServiceAPI.swift; sourceTree = "<group>"; };
		E8E5A31A2A2CBCAA0019A821 /* CellWithContent.swift */ = {isa = PBXFileReference; lastKnownFileType = sourcecode.swift; path = CellWithContent.swift; sourceTree = "<group>"; };
		E8E5A32E2A2CEA920019A821 /* Constants.swift */ = {isa = PBXFileReference; lastKnownFileType = sourcecode.swift; path = Constants.swift; sourceTree = "<group>"; };
		E8E5A3312A2CEFA70019A821 /* Graphik-Semibold.otf */ = {isa = PBXFileReference; lastKnownFileType = file; path = "Graphik-Semibold.otf"; sourceTree = "<group>"; };
		E8E5A3332A2CEFBE0019A821 /* Graphik-Medium.otf */ = {isa = PBXFileReference; lastKnownFileType = file; path = "Graphik-Medium.otf"; sourceTree = "<group>"; };
		E8E5A3352A2CEFD00019A821 /* Graphik-Regular.otf */ = {isa = PBXFileReference; lastKnownFileType = file; path = "Graphik-Regular.otf"; sourceTree = "<group>"; };
		E8E5A3372A2CF08D0019A821 /* Colors.xcassets */ = {isa = PBXFileReference; lastKnownFileType = folder.assetcatalog; path = Colors.xcassets; sourceTree = "<group>"; };
		E8E5A3392A2CF0A80019A821 /* Images.xcassets */ = {isa = PBXFileReference; lastKnownFileType = folder.assetcatalog; path = Images.xcassets; sourceTree = "<group>"; };
		E8E5A33E2A2CFCCB0019A821 /* Assets.xcassets */ = {isa = PBXFileReference; lastKnownFileType = folder.assetcatalog; path = Assets.xcassets; sourceTree = "<group>"; };
		E8E5A3412A2D21310019A821 /* CellViewModel.swift */ = {isa = PBXFileReference; lastKnownFileType = sourcecode.swift; path = CellViewModel.swift; sourceTree = "<group>"; };
		E8E5A3442A2D26A50019A821 /* UIImageView+Extension.swift */ = {isa = PBXFileReference; lastKnownFileType = sourcecode.swift; path = "UIImageView+Extension.swift"; sourceTree = "<group>"; };
		E8E5A38A2A2F8ED00019A821 /* UINavigationController+Extension.swift */ = {isa = PBXFileReference; lastKnownFileType = sourcecode.swift; path = "UINavigationController+Extension.swift"; sourceTree = "<group>"; };
/* End PBXFileReference section */

/* Begin PBXFrameworksBuildPhase section */
		E8E5A2D52A2C9FAA0019A821 /* Frameworks */ = {
			isa = PBXFrameworksBuildPhase;
			buildActionMask = 2147483647;
			files = (
			);
			runOnlyForDeploymentPostprocessing = 0;
		};
		E8E5A2EB2A2C9FAD0019A821 /* Frameworks */ = {
			isa = PBXFrameworksBuildPhase;
			buildActionMask = 2147483647;
			files = (
			);
			runOnlyForDeploymentPostprocessing = 0;
		};
		E8E5A2F52A2C9FAD0019A821 /* Frameworks */ = {
			isa = PBXFrameworksBuildPhase;
			buildActionMask = 2147483647;
			files = (
			);
			runOnlyForDeploymentPostprocessing = 0;
		};
/* End PBXFrameworksBuildPhase section */

/* Begin PBXGroup section */
		E8E5A2CF2A2C9FAA0019A821 = {
			isa = PBXGroup;
			children = (
				E8E5A2DA2A2C9FAA0019A821 /* MovieApp */,
				E8E5A2F12A2C9FAD0019A821 /* MovieAppTests */,
				E8E5A2FB2A2C9FAD0019A821 /* MovieAppUITests */,
				E8E5A2D92A2C9FAA0019A821 /* Products */,
			);
			sourceTree = "<group>";
		};
		E8E5A2D92A2C9FAA0019A821 /* Products */ = {
			isa = PBXGroup;
			children = (
				E8E5A2D82A2C9FAA0019A821 /* MovieApp.app */,
				E8E5A2EE2A2C9FAD0019A821 /* MovieAppTests.xctest */,
				E8E5A2F82A2C9FAD0019A821 /* MovieAppUITests.xctest */,
			);
			name = Products;
			sourceTree = "<group>";
		};
		E8E5A2DA2A2C9FAA0019A821 /* MovieApp */ = {
			isa = PBXGroup;
			children = (
				E8E5A30B2A2CB8A20019A821 /* Application */,
				E8E5A30C2A2CB8B10019A821 /* Modules */,
				E8E5A3162A2CBB140019A821 /* Services */,
				E8E5A3432A2D264A0019A821 /* Extension */,
				E8E5A3152A2CB9880019A821 /* Resources */,
			);
			path = MovieApp;
			sourceTree = "<group>";
		};
		E8E5A2F12A2C9FAD0019A821 /* MovieAppTests */ = {
			isa = PBXGroup;
			children = (
				E8E5A2F22A2C9FAD0019A821 /* MovieAppTests.swift */,
			);
			path = MovieAppTests;
			sourceTree = "<group>";
		};
		E8E5A2FB2A2C9FAD0019A821 /* MovieAppUITests */ = {
			isa = PBXGroup;
			children = (
				E8E5A2FC2A2C9FAD0019A821 /* MovieAppUITests.swift */,
			);
			path = MovieAppUITests;
			sourceTree = "<group>";
		};
		E8E5A30B2A2CB8A20019A821 /* Application */ = {
			isa = PBXGroup;
			children = (
				E8E5A2DB2A2C9FAA0019A821 /* AppDelegate.swift */,
				E8E5A2DD2A2C9FAA0019A821 /* SceneDelegate.swift */,
			);
			path = Application;
			sourceTree = "<group>";
		};
		E8E5A30C2A2CB8B10019A821 /* Modules */ = {
			isa = PBXGroup;
			children = (
				E8E5A30D2A2CB8C40019A821 /* SearchScreen */,
				E8E5A3122A2CB9320019A821 /* DetailScreen */,
				E8E5A3402A2D20B20019A821 /* CustomCell */,
			);
			path = Modules;
			sourceTree = "<group>";
		};
		E8E5A30D2A2CB8C40019A821 /* SearchScreen */ = {
			isa = PBXGroup;
			children = (
				E8E5A3102A2CB9150019A821 /* SearchModel.swift */,
				E8E5A2DF2A2C9FAA0019A821 /* SearchViewController.swift */,
				E8E5A30E2A2CB9040019A821 /* SearchViewModel.swift */,
			);
			path = SearchScreen;
			sourceTree = "<group>";
		};
		E8E5A3122A2CB9320019A821 /* DetailScreen */ = {
			isa = PBXGroup;
			children = (
				E8E5A3132A2CB9580019A821 /* DetailViewController.swift */,
			);
			path = DetailScreen;
			sourceTree = "<group>";
		};
		E8E5A3152A2CB9880019A821 /* Resources */ = {
			isa = PBXGroup;
			children = (
				E8E5A3302A2CEF260019A821 /* Fonts */,
				E8E5A32E2A2CEA920019A821 /* Constants.swift */,
				E8E5A2E92A2C9FAC0019A821 /* Info.plist */,
				E8E5A2E62A2C9FAC0019A821 /* LaunchScreen.storyboard */,
				E8E5A3372A2CF08D0019A821 /* Colors.xcassets */,
				E8E5A3392A2CF0A80019A821 /* Images.xcassets */,
				E8E5A33E2A2CFCCB0019A821 /* Assets.xcassets */,
			);
			path = Resources;
			sourceTree = "<group>";
		};
		E8E5A3162A2CBB140019A821 /* Services */ = {
			isa = PBXGroup;
			children = (
				E88529892A33C33800D347B0 /* ServiceAPIProtocol.swift */,
				E8E5A3172A2CBBCA0019A821 /* ServiceAPI.swift */,
				E885298B2A33C41B00D347B0 /* APIError.swift */,
				E885298F2A3BB97700D347B0 /* APIMockService.swift */,
			);
			path = Services;
			sourceTree = "<group>";
		};
		E8E5A3302A2CEF260019A821 /* Fonts */ = {
			isa = PBXGroup;
			children = (
				E8E5A3312A2CEFA70019A821 /* Graphik-Semibold.otf */,
				E8E5A3332A2CEFBE0019A821 /* Graphik-Medium.otf */,
				E8E5A3352A2CEFD00019A821 /* Graphik-Regular.otf */,
			);
			path = Fonts;
			sourceTree = "<group>";
		};
		E8E5A3402A2D20B20019A821 /* CustomCell */ = {
			isa = PBXGroup;
			children = (
				E8E5A31A2A2CBCAA0019A821 /* CellWithContent.swift */,
				E8E5A3412A2D21310019A821 /* CellViewModel.swift */,
			);
			path = CustomCell;
			sourceTree = "<group>";
		};
		E8E5A3432A2D264A0019A821 /* Extension */ = {
			isa = PBXGroup;
			children = (
				E8E5A3442A2D26A50019A821 /* UIImageView+Extension.swift */,
				E8E5A38A2A2F8ED00019A821 /* UINavigationController+Extension.swift */,
			);
			path = Extension;
			sourceTree = "<group>";
		};
/* End PBXGroup section */

/* Begin PBXNativeTarget section */
		E8E5A2D72A2C9FAA0019A821 /* MovieApp */ = {
			isa = PBXNativeTarget;
			buildConfigurationList = E8E5A3022A2C9FAD0019A821 /* Build configuration list for PBXNativeTarget "MovieApp" */;
			buildPhases = (
				E8E5A2D42A2C9FAA0019A821 /* Sources */,
				E8E5A2D52A2C9FAA0019A821 /* Frameworks */,
				E8E5A2D62A2C9FAA0019A821 /* Resources */,
			);
			buildRules = (
			);
			dependencies = (
			);
			name = MovieApp;
			productName = MovieApp;
			productReference = E8E5A2D82A2C9FAA0019A821 /* MovieApp.app */;
			productType = "com.apple.product-type.application";
		};
		E8E5A2ED2A2C9FAD0019A821 /* MovieAppTests */ = {
			isa = PBXNativeTarget;
			buildConfigurationList = E8E5A3052A2C9FAD0019A821 /* Build configuration list for PBXNativeTarget "MovieAppTests" */;
			buildPhases = (
				E8E5A2EA2A2C9FAD0019A821 /* Sources */,
				E8E5A2EB2A2C9FAD0019A821 /* Frameworks */,
				E8E5A2EC2A2C9FAD0019A821 /* Resources */,
			);
			buildRules = (
			);
			dependencies = (
				E8E5A2F02A2C9FAD0019A821 /* PBXTargetDependency */,
			);
			name = MovieAppTests;
			productName = MovieAppTests;
			productReference = E8E5A2EE2A2C9FAD0019A821 /* MovieAppTests.xctest */;
			productType = "com.apple.product-type.bundle.unit-test";
		};
		E8E5A2F72A2C9FAD0019A821 /* MovieAppUITests */ = {
			isa = PBXNativeTarget;
			buildConfigurationList = E8E5A3082A2C9FAD0019A821 /* Build configuration list for PBXNativeTarget "MovieAppUITests" */;
			buildPhases = (
				E8E5A2F42A2C9FAD0019A821 /* Sources */,
				E8E5A2F52A2C9FAD0019A821 /* Frameworks */,
				E8E5A2F62A2C9FAD0019A821 /* Resources */,
			);
			buildRules = (
			);
			dependencies = (
				E8E5A2FA2A2C9FAD0019A821 /* PBXTargetDependency */,
			);
			name = MovieAppUITests;
			productName = MovieAppUITests;
			productReference = E8E5A2F82A2C9FAD0019A821 /* MovieAppUITests.xctest */;
			productType = "com.apple.product-type.bundle.ui-testing";
		};
/* End PBXNativeTarget section */

/* Begin PBXProject section */
		E8E5A2D02A2C9FAA0019A821 /* Project object */ = {
			isa = PBXProject;
			attributes = {
				BuildIndependentTargetsInParallel = 1;
				LastSwiftUpdateCheck = 1410;
				LastUpgradeCheck = 1410;
				TargetAttributes = {
					E8E5A2D72A2C9FAA0019A821 = {
						CreatedOnToolsVersion = 14.1;
					};
					E8E5A2ED2A2C9FAD0019A821 = {
						CreatedOnToolsVersion = 14.1;
						TestTargetID = E8E5A2D72A2C9FAA0019A821;
					};
					E8E5A2F72A2C9FAD0019A821 = {
						CreatedOnToolsVersion = 14.1;
						TestTargetID = E8E5A2D72A2C9FAA0019A821;
					};
				};
			};
			buildConfigurationList = E8E5A2D32A2C9FAA0019A821 /* Build configuration list for PBXProject "MovieApp" */;
			compatibilityVersion = "Xcode 14.0";
			developmentRegion = en;
			hasScannedForEncodings = 0;
			knownRegions = (
				en,
				Base,
			);
			mainGroup = E8E5A2CF2A2C9FAA0019A821;
			productRefGroup = E8E5A2D92A2C9FAA0019A821 /* Products */;
			projectDirPath = "";
			projectRoot = "";
			targets = (
				E8E5A2D72A2C9FAA0019A821 /* MovieApp */,
				E8E5A2ED2A2C9FAD0019A821 /* MovieAppTests */,
				E8E5A2F72A2C9FAD0019A821 /* MovieAppUITests */,
			);
		};
/* End PBXProject section */

/* Begin PBXResourcesBuildPhase section */
		E8E5A2D62A2C9FAA0019A821 /* Resources */ = {
			isa = PBXResourcesBuildPhase;
			buildActionMask = 2147483647;
			files = (
				E8E5A2E82A2C9FAC0019A821 /* LaunchScreen.storyboard in Resources */,
				E8E5A3362A2CEFD00019A821 /* Graphik-Regular.otf in Resources */,
				E8E5A33A2A2CF0A80019A821 /* Images.xcassets in Resources */,
				E8E5A3322A2CEFA70019A821 /* Graphik-Semibold.otf in Resources */,
				E8E5A33F2A2CFCCB0019A821 /* Assets.xcassets in Resources */,
				E8E5A3382A2CF08D0019A821 /* Colors.xcassets in Resources */,
				E8E5A3342A2CEFBE0019A821 /* Graphik-Medium.otf in Resources */,
			);
			runOnlyForDeploymentPostprocessing = 0;
		};
		E8E5A2EC2A2C9FAD0019A821 /* Resources */ = {
			isa = PBXResourcesBuildPhase;
			buildActionMask = 2147483647;
			files = (
			);
			runOnlyForDeploymentPostprocessing = 0;
		};
		E8E5A2F62A2C9FAD0019A821 /* Resources */ = {
			isa = PBXResourcesBuildPhase;
			buildActionMask = 2147483647;
			files = (
			);
			runOnlyForDeploymentPostprocessing = 0;
		};
/* End PBXResourcesBuildPhase section */

/* Begin PBXSourcesBuildPhase section */
		E8E5A2D42A2C9FAA0019A821 /* Sources */ = {
			isa = PBXSourcesBuildPhase;
			buildActionMask = 2147483647;
			files = (
				E885298A2A33C33800D347B0 /* ServiceAPIProtocol.swift in Sources */,
				E8E5A3182A2CBBCA0019A821 /* ServiceAPI.swift in Sources */,
				E8E5A2E02A2C9FAA0019A821 /* SearchViewController.swift in Sources */,
				E8E5A3112A2CB9150019A821 /* SearchModel.swift in Sources */,
				E8E5A2DC2A2C9FAA0019A821 /* AppDelegate.swift in Sources */,
				E8E5A32F2A2CEA920019A821 /* Constants.swift in Sources */,
				E8E5A3142A2CB9580019A821 /* DetailViewController.swift in Sources */,
				E8E5A3422A2D21310019A821 /* CellViewModel.swift in Sources */,
				E8E5A2DE2A2C9FAA0019A821 /* SceneDelegate.swift in Sources */,
				E8E5A30F2A2CB9040019A821 /* SearchViewModel.swift in Sources */,
				E88529902A3BB97700D347B0 /* APIMockService.swift in Sources */,
				E8E5A31B2A2CBCAA0019A821 /* CellWithContent.swift in Sources */,
				E8E5A3452A2D26A50019A821 /* UIImageView+Extension.swift in Sources */,
				E8E5A38B2A2F8ED00019A821 /* UINavigationController+Extension.swift in Sources */,
				E885298C2A33C41B00D347B0 /* APIError.swift in Sources */,
			);
			runOnlyForDeploymentPostprocessing = 0;
		};
		E8E5A2EA2A2C9FAD0019A821 /* Sources */ = {
			isa = PBXSourcesBuildPhase;
			buildActionMask = 2147483647;
			files = (
				E8E5A2F32A2C9FAD0019A821 /* MovieAppTests.swift in Sources */,
			);
			runOnlyForDeploymentPostprocessing = 0;
		};
		E8E5A2F42A2C9FAD0019A821 /* Sources */ = {
			isa = PBXSourcesBuildPhase;
			buildActionMask = 2147483647;
			files = (
				E8E5A2FD2A2C9FAD0019A821 /* MovieAppUITests.swift in Sources */,
			);
			runOnlyForDeploymentPostprocessing = 0;
		};
/* End PBXSourcesBuildPhase section */

/* Begin PBXTargetDependency section */
		E8E5A2F02A2C9FAD0019A821 /* PBXTargetDependency */ = {
			isa = PBXTargetDependency;
			target = E8E5A2D72A2C9FAA0019A821 /* MovieApp */;
			targetProxy = E8E5A2EF2A2C9FAD0019A821 /* PBXContainerItemProxy */;
		};
		E8E5A2FA2A2C9FAD0019A821 /* PBXTargetDependency */ = {
			isa = PBXTargetDependency;
			target = E8E5A2D72A2C9FAA0019A821 /* MovieApp */;
			targetProxy = E8E5A2F92A2C9FAD0019A821 /* PBXContainerItemProxy */;
		};
/* End PBXTargetDependency section */

/* Begin PBXVariantGroup section */
		E8E5A2E62A2C9FAC0019A821 /* LaunchScreen.storyboard */ = {
			isa = PBXVariantGroup;
			children = (
				E8E5A2E72A2C9FAC0019A821 /* Base */,
			);
			name = LaunchScreen.storyboard;
			sourceTree = "<group>";
		};
/* End PBXVariantGroup section */

/* Begin XCBuildConfiguration section */
		E8E5A3002A2C9FAD0019A821 /* Debug */ = {
			isa = XCBuildConfiguration;
			buildSettings = {
				ALWAYS_SEARCH_USER_PATHS = NO;
				CLANG_ANALYZER_NONNULL = YES;
				CLANG_ANALYZER_NUMBER_OBJECT_CONVERSION = YES_AGGRESSIVE;
				CLANG_CXX_LANGUAGE_STANDARD = "gnu++20";
				CLANG_ENABLE_MODULES = YES;
				CLANG_ENABLE_OBJC_ARC = YES;
				CLANG_ENABLE_OBJC_WEAK = YES;
				CLANG_WARN_BLOCK_CAPTURE_AUTORELEASING = YES;
				CLANG_WARN_BOOL_CONVERSION = YES;
				CLANG_WARN_COMMA = YES;
				CLANG_WARN_CONSTANT_CONVERSION = YES;
				CLANG_WARN_DEPRECATED_OBJC_IMPLEMENTATIONS = YES;
				CLANG_WARN_DIRECT_OBJC_ISA_USAGE = YES_ERROR;
				CLANG_WARN_DOCUMENTATION_COMMENTS = YES;
				CLANG_WARN_EMPTY_BODY = YES;
				CLANG_WARN_ENUM_CONVERSION = YES;
				CLANG_WARN_INFINITE_RECURSION = YES;
				CLANG_WARN_INT_CONVERSION = YES;
				CLANG_WARN_NON_LITERAL_NULL_CONVERSION = YES;
				CLANG_WARN_OBJC_IMPLICIT_RETAIN_SELF = YES;
				CLANG_WARN_OBJC_LITERAL_CONVERSION = YES;
				CLANG_WARN_OBJC_ROOT_CLASS = YES_ERROR;
				CLANG_WARN_QUOTED_INCLUDE_IN_FRAMEWORK_HEADER = YES;
				CLANG_WARN_RANGE_LOOP_ANALYSIS = YES;
				CLANG_WARN_STRICT_PROTOTYPES = YES;
				CLANG_WARN_SUSPICIOUS_MOVE = YES;
				CLANG_WARN_UNGUARDED_AVAILABILITY = YES_AGGRESSIVE;
				CLANG_WARN_UNREACHABLE_CODE = YES;
				CLANG_WARN__DUPLICATE_METHOD_MATCH = YES;
				COPY_PHASE_STRIP = NO;
				DEBUG_INFORMATION_FORMAT = dwarf;
				ENABLE_STRICT_OBJC_MSGSEND = YES;
				ENABLE_TESTABILITY = YES;
				GCC_C_LANGUAGE_STANDARD = gnu11;
				GCC_DYNAMIC_NO_PIC = NO;
				GCC_NO_COMMON_BLOCKS = YES;
				GCC_OPTIMIZATION_LEVEL = 0;
				GCC_PREPROCESSOR_DEFINITIONS = (
					"DEBUG=1",
					"$(inherited)",
				);
				GCC_WARN_64_TO_32_BIT_CONVERSION = YES;
				GCC_WARN_ABOUT_RETURN_TYPE = YES_ERROR;
				GCC_WARN_UNDECLARED_SELECTOR = YES;
				GCC_WARN_UNINITIALIZED_AUTOS = YES_AGGRESSIVE;
				GCC_WARN_UNUSED_FUNCTION = YES;
				GCC_WARN_UNUSED_VARIABLE = YES;
				INFOPLIST_FILE = MovieApp/Resources/Info.plist;
				IPHONEOS_DEPLOYMENT_TARGET = 14.0;
				MTL_ENABLE_DEBUG_INFO = INCLUDE_SOURCE;
				MTL_FAST_MATH = YES;
				ONLY_ACTIVE_ARCH = YES;
				SDKROOT = iphoneos;
				SWIFT_ACTIVE_COMPILATION_CONDITIONS = DEBUG;
				SWIFT_OPTIMIZATION_LEVEL = "-Onone";
			};
			name = Debug;
		};
		E8E5A3012A2C9FAD0019A821 /* Release */ = {
			isa = XCBuildConfiguration;
			buildSettings = {
				ALWAYS_SEARCH_USER_PATHS = NO;
				CLANG_ANALYZER_NONNULL = YES;
				CLANG_ANALYZER_NUMBER_OBJECT_CONVERSION = YES_AGGRESSIVE;
				CLANG_CXX_LANGUAGE_STANDARD = "gnu++20";
				CLANG_ENABLE_MODULES = YES;
				CLANG_ENABLE_OBJC_ARC = YES;
				CLANG_ENABLE_OBJC_WEAK = YES;
				CLANG_WARN_BLOCK_CAPTURE_AUTORELEASING = YES;
				CLANG_WARN_BOOL_CONVERSION = YES;
				CLANG_WARN_COMMA = YES;
				CLANG_WARN_CONSTANT_CONVERSION = YES;
				CLANG_WARN_DEPRECATED_OBJC_IMPLEMENTATIONS = YES;
				CLANG_WARN_DIRECT_OBJC_ISA_USAGE = YES_ERROR;
				CLANG_WARN_DOCUMENTATION_COMMENTS = YES;
				CLANG_WARN_EMPTY_BODY = YES;
				CLANG_WARN_ENUM_CONVERSION = YES;
				CLANG_WARN_INFINITE_RECURSION = YES;
				CLANG_WARN_INT_CONVERSION = YES;
				CLANG_WARN_NON_LITERAL_NULL_CONVERSION = YES;
				CLANG_WARN_OBJC_IMPLICIT_RETAIN_SELF = YES;
				CLANG_WARN_OBJC_LITERAL_CONVERSION = YES;
				CLANG_WARN_OBJC_ROOT_CLASS = YES_ERROR;
				CLANG_WARN_QUOTED_INCLUDE_IN_FRAMEWORK_HEADER = YES;
				CLANG_WARN_RANGE_LOOP_ANALYSIS = YES;
				CLANG_WARN_STRICT_PROTOTYPES = YES;
				CLANG_WARN_SUSPICIOUS_MOVE = YES;
				CLANG_WARN_UNGUARDED_AVAILABILITY = YES_AGGRESSIVE;
				CLANG_WARN_UNREACHABLE_CODE = YES;
				CLANG_WARN__DUPLICATE_METHOD_MATCH = YES;
				COPY_PHASE_STRIP = NO;
				DEBUG_INFORMATION_FORMAT = "dwarf-with-dsym";
				ENABLE_NS_ASSERTIONS = NO;
				ENABLE_STRICT_OBJC_MSGSEND = YES;
				GCC_C_LANGUAGE_STANDARD = gnu11;
				GCC_NO_COMMON_BLOCKS = YES;
				GCC_WARN_64_TO_32_BIT_CONVERSION = YES;
				GCC_WARN_ABOUT_RETURN_TYPE = YES_ERROR;
				GCC_WARN_UNDECLARED_SELECTOR = YES;
				GCC_WARN_UNINITIALIZED_AUTOS = YES_AGGRESSIVE;
				GCC_WARN_UNUSED_FUNCTION = YES;
				GCC_WARN_UNUSED_VARIABLE = YES;
				INFOPLIST_FILE = MovieApp/Resources/Info.plist;
				IPHONEOS_DEPLOYMENT_TARGET = 14.0;
				MTL_ENABLE_DEBUG_INFO = NO;
				MTL_FAST_MATH = YES;
				SDKROOT = iphoneos;
				SWIFT_COMPILATION_MODE = wholemodule;
				SWIFT_OPTIMIZATION_LEVEL = "-O";
				VALIDATE_PRODUCT = YES;
			};
			name = Release;
		};
		E8E5A3032A2C9FAD0019A821 /* Debug */ = {
			isa = XCBuildConfiguration;
			buildSettings = {
				ASSETCATALOG_COMPILER_APPICON_NAME = AppIcon;
				ASSETCATALOG_COMPILER_GLOBAL_ACCENT_COLOR_NAME = AccentColor;
				CODE_SIGN_STYLE = Automatic;
				CURRENT_PROJECT_VERSION = 1;
				DEVELOPMENT_TEAM = KMUNA49CD3;
				GENERATE_INFOPLIST_FILE = YES;
				INFOPLIST_FILE = MovieApp/Resources/Info.plist;
				INFOPLIST_KEY_UIApplicationSupportsIndirectInputEvents = YES;
				INFOPLIST_KEY_UILaunchStoryboardName = LaunchScreen;
				INFOPLIST_KEY_UISupportedInterfaceOrientations_iPad = "UIInterfaceOrientationPortrait UIInterfaceOrientationPortraitUpsideDown UIInterfaceOrientationLandscapeLeft UIInterfaceOrientationLandscapeRight";
				INFOPLIST_KEY_UISupportedInterfaceOrientations_iPhone = "UIInterfaceOrientationPortrait UIInterfaceOrientationLandscapeLeft UIInterfaceOrientationLandscapeRight";
				IPHONEOS_DEPLOYMENT_TARGET = 14.0;
				LD_RUNPATH_SEARCH_PATHS = (
					"$(inherited)",
					"@executable_path/Frameworks",
				);
				MARKETING_VERSION = 1.0;
				PRODUCT_BUNDLE_IDENTIFIER = com.marinaryabchun.MovieApp;
				PRODUCT_NAME = "$(TARGET_NAME)";
				SWIFT_EMIT_LOC_STRINGS = YES;
				SWIFT_VERSION = 5.0;
				TARGETED_DEVICE_FAMILY = "1,2";
			};
			name = Debug;
		};
		E8E5A3042A2C9FAD0019A821 /* Release */ = {
			isa = XCBuildConfiguration;
			buildSettings = {
				ASSETCATALOG_COMPILER_APPICON_NAME = AppIcon;
				ASSETCATALOG_COMPILER_GLOBAL_ACCENT_COLOR_NAME = AccentColor;
				CODE_SIGN_STYLE = Automatic;
				CURRENT_PROJECT_VERSION = 1;
				DEVELOPMENT_TEAM = KMUNA49CD3;
				GENERATE_INFOPLIST_FILE = YES;
				INFOPLIST_FILE = MovieApp/Resources/Info.plist;
				INFOPLIST_KEY_UIApplicationSupportsIndirectInputEvents = YES;
				INFOPLIST_KEY_UILaunchStoryboardName = LaunchScreen;
				INFOPLIST_KEY_UISupportedInterfaceOrientations_iPad = "UIInterfaceOrientationPortrait UIInterfaceOrientationPortraitUpsideDown UIInterfaceOrientationLandscapeLeft UIInterfaceOrientationLandscapeRight";
				INFOPLIST_KEY_UISupportedInterfaceOrientations_iPhone = "UIInterfaceOrientationPortrait UIInterfaceOrientationLandscapeLeft UIInterfaceOrientationLandscapeRight";
				IPHONEOS_DEPLOYMENT_TARGET = 14.0;
				LD_RUNPATH_SEARCH_PATHS = (
					"$(inherited)",
					"@executable_path/Frameworks",
				);
				MARKETING_VERSION = 1.0;
				PRODUCT_BUNDLE_IDENTIFIER = com.marinaryabchun.MovieApp;
				PRODUCT_NAME = "$(TARGET_NAME)";
				SWIFT_EMIT_LOC_STRINGS = YES;
				SWIFT_VERSION = 5.0;
				TARGETED_DEVICE_FAMILY = "1,2";
			};
			name = Release;
		};
		E8E5A3062A2C9FAD0019A821 /* Debug */ = {
			isa = XCBuildConfiguration;
			buildSettings = {
				ALWAYS_EMBED_SWIFT_STANDARD_LIBRARIES = YES;
				BUNDLE_LOADER = "$(TEST_HOST)";
				CODE_SIGN_STYLE = Automatic;
				CURRENT_PROJECT_VERSION = 1;
				DEVELOPMENT_TEAM = KMUNA49CD3;
				GENERATE_INFOPLIST_FILE = YES;
				IPHONEOS_DEPLOYMENT_TARGET = 16.1;
				MARKETING_VERSION = 1.0;
				PRODUCT_BUNDLE_IDENTIFIER = com.marinaryabchun.MovieAppTests;
				PRODUCT_NAME = "$(TARGET_NAME)";
				SWIFT_EMIT_LOC_STRINGS = NO;
				SWIFT_VERSION = 5.0;
				TARGETED_DEVICE_FAMILY = "1,2";
				TEST_HOST = "$(BUILT_PRODUCTS_DIR)/MovieApp.app/$(BUNDLE_EXECUTABLE_FOLDER_PATH)/MovieApp";
			};
			name = Debug;
		};
		E8E5A3072A2C9FAD0019A821 /* Release */ = {
			isa = XCBuildConfiguration;
			buildSettings = {
				ALWAYS_EMBED_SWIFT_STANDARD_LIBRARIES = YES;
				BUNDLE_LOADER = "$(TEST_HOST)";
				CODE_SIGN_STYLE = Automatic;
				CURRENT_PROJECT_VERSION = 1;
				DEVELOPMENT_TEAM = KMUNA49CD3;
				GENERATE_INFOPLIST_FILE = YES;
				IPHONEOS_DEPLOYMENT_TARGET = 16.1;
				MARKETING_VERSION = 1.0;
				PRODUCT_BUNDLE_IDENTIFIER = com.marinaryabchun.MovieAppTests;
				PRODUCT_NAME = "$(TARGET_NAME)";
				SWIFT_EMIT_LOC_STRINGS = NO;
				SWIFT_VERSION = 5.0;
				TARGETED_DEVICE_FAMILY = "1,2";
				TEST_HOST = "$(BUILT_PRODUCTS_DIR)/MovieApp.app/$(BUNDLE_EXECUTABLE_FOLDER_PATH)/MovieApp";
			};
			name = Release;
		};
		E8E5A3092A2C9FAD0019A821 /* Debug */ = {
			isa = XCBuildConfiguration;
			buildSettings = {
				ALWAYS_EMBED_SWIFT_STANDARD_LIBRARIES = YES;
				CODE_SIGN_STYLE = Automatic;
				CURRENT_PROJECT_VERSION = 1;
				DEVELOPMENT_TEAM = KMUNA49CD3;
				GENERATE_INFOPLIST_FILE = YES;
				MARKETING_VERSION = 1.0;
				PRODUCT_BUNDLE_IDENTIFIER = com.marinaryabchun.MovieAppUITests;
				PRODUCT_NAME = "$(TARGET_NAME)";
				SWIFT_EMIT_LOC_STRINGS = NO;
				SWIFT_VERSION = 5.0;
				TARGETED_DEVICE_FAMILY = "1,2";
				TEST_TARGET_NAME = MovieApp;
			};
			name = Debug;
		};
		E8E5A30A2A2C9FAD0019A821 /* Release */ = {
			isa = XCBuildConfiguration;
			buildSettings = {
				ALWAYS_EMBED_SWIFT_STANDARD_LIBRARIES = YES;
				CODE_SIGN_STYLE = Automatic;
				CURRENT_PROJECT_VERSION = 1;
				DEVELOPMENT_TEAM = KMUNA49CD3;
				GENERATE_INFOPLIST_FILE = YES;
				MARKETING_VERSION = 1.0;
				PRODUCT_BUNDLE_IDENTIFIER = com.marinaryabchun.MovieAppUITests;
				PRODUCT_NAME = "$(TARGET_NAME)";
				SWIFT_EMIT_LOC_STRINGS = NO;
				SWIFT_VERSION = 5.0;
				TARGETED_DEVICE_FAMILY = "1,2";
				TEST_TARGET_NAME = MovieApp;
			};
			name = Release;
		};
/* End XCBuildConfiguration section */

/* Begin XCConfigurationList section */
		E8E5A2D32A2C9FAA0019A821 /* Build configuration list for PBXProject "MovieApp" */ = {
			isa = XCConfigurationList;
			buildConfigurations = (
				E8E5A3002A2C9FAD0019A821 /* Debug */,
				E8E5A3012A2C9FAD0019A821 /* Release */,
			);
			defaultConfigurationIsVisible = 0;
			defaultConfigurationName = Release;
		};
		E8E5A3022A2C9FAD0019A821 /* Build configuration list for PBXNativeTarget "MovieApp" */ = {
			isa = XCConfigurationList;
			buildConfigurations = (
				E8E5A3032A2C9FAD0019A821 /* Debug */,
				E8E5A3042A2C9FAD0019A821 /* Release */,
			);
			defaultConfigurationIsVisible = 0;
			defaultConfigurationName = Release;
		};
		E8E5A3052A2C9FAD0019A821 /* Build configuration list for PBXNativeTarget "MovieAppTests" */ = {
			isa = XCConfigurationList;
			buildConfigurations = (
				E8E5A3062A2C9FAD0019A821 /* Debug */,
				E8E5A3072A2C9FAD0019A821 /* Release */,
			);
			defaultConfigurationIsVisible = 0;
			defaultConfigurationName = Release;
		};
		E8E5A3082A2C9FAD0019A821 /* Build configuration list for PBXNativeTarget "MovieAppUITests" */ = {
			isa = XCConfigurationList;
			buildConfigurations = (
				E8E5A3092A2C9FAD0019A821 /* Debug */,
				E8E5A30A2A2C9FAD0019A821 /* Release */,
			);
			defaultConfigurationIsVisible = 0;
			defaultConfigurationName = Release;
		};
/* End XCConfigurationList section */
	};
	rootObject = E8E5A2D02A2C9FAA0019A821 /* Project object */;
}
